
Microsoft Visual Studio Solution File, Format Version 12.00
# Visual Studio 15
VisualStudioVersion = 15.0.26228.9
MinimumVisualStudioVersion = 10.0.40219.1
Project("{FAE04EC0-301F-11D3-BF4B-00C04F79EFBC}") = "HelloWorld2.Android", "HelloWorld2\HelloWorld2.Android\HelloWorld2.Android.csproj", "{BA3E9A61-F7CB-44E8-AE63-AFB44A10A1D6}"
EndProject
Project("{FAE04EC0-301F-11D3-BF4B-00C04F79EFBC}") = "HelloWorld2", "HelloWorld2\HelloWorld2\HelloWorld2.csproj", "{A6B3DC03-559C-4B0B-A250-5EE3EFB23448}"
EndProject
Project("{FAE04EC0-301F-11D3-BF4B-00C04F79EFBC}") = "HelloWorld2.UWP", "HelloWorld2\HelloWorld2.UWP\HelloWorld2.UWP.csproj", "{7907B3EF-150A-465C-93DC-DF535245B376}"
EndProject
Project("{FAE04EC0-301F-11D3-BF4B-00C04F79EFBC}") = "HelloWorld2.iOS", "HelloWorld2\HelloWorld2.iOS\HelloWorld2.iOS.csproj", "{58F21347-1FE5-4772-AC6C-A8E256ACFC31}"
EndProject
Global
	GlobalSection(SolutionConfigurationPlatforms) = preSolution
		Ad-Hoc|Any CPU = Ad-Hoc|Any CPU
		Ad-Hoc|ARM = Ad-Hoc|ARM
		Ad-Hoc|iPhone = Ad-Hoc|iPhone
		Ad-Hoc|iPhoneSimulator = Ad-Hoc|iPhoneSimulator
		Ad-Hoc|x64 = Ad-Hoc|x64
		Ad-Hoc|x86 = Ad-Hoc|x86
		AppStore|Any CPU = AppStore|Any CPU
		AppStore|ARM = AppStore|ARM
		AppStore|iPhone = AppStore|iPhone
		AppStore|iPhoneSimulator = AppStore|iPhoneSimulator
		AppStore|x64 = AppStore|x64
		AppStore|x86 = AppStore|x86
		Debug|Any CPU = Debug|Any CPU
		Debug|ARM = Debug|ARM
		Debug|iPhone = Debug|iPhone
		Debug|iPhoneSimulator = Debug|iPhoneSimulator
		Debug|x64 = Debug|x64
		Debug|x86 = Debug|x86
		Release|Any CPU = Release|Any CPU
		Release|ARM = Release|ARM
		Release|iPhone = Release|iPhone
		Release|iPhoneSimulator = Release|iPhoneSimulator
		Release|x64 = Release|x64
		Release|x86 = Release|x86
	EndGlobalSection
	GlobalSection(ProjectConfigurationPlatforms) = postSolution
		{BA3E9A61-F7CB-44E8-AE63-AFB44A10A1D6}.Ad-Hoc|Any CPU.ActiveCfg = Release|Any CPU
		{BA3E9A61-F7CB-44E8-AE63-AFB44A10A1D6}.Ad-Hoc|Any CPU.Build.0 = Release|Any CPU
		{BA3E9A61-F7CB-44E8-AE63-AFB44A10A1D6}.Ad-Hoc|Any CPU.Deploy.0 = Release|Any CPU
		{BA3E9A61-F7CB-44E8-AE63-AFB44A10A1D6}.Ad-Hoc|ARM.ActiveCfg = Release|Any CPU
		{BA3E9A61-F7CB-44E8-AE63-AFB44A10A1D6}.Ad-Hoc|ARM.Build.0 = Release|Any CPU
		{BA3E9A61-F7CB-44E8-AE63-AFB44A10A1D6}.Ad-Hoc|ARM.Deploy.0 = Release|Any CPU
		{BA3E9A61-F7CB-44E8-AE63-AFB44A10A1D6}.Ad-Hoc|iPhone.ActiveCfg = Release|Any CPU
		{BA3E9A61-F7CB-44E8-AE63-AFB44A10A1D6}.Ad-Hoc|iPhone.Build.0 = Release|Any CPU
		{BA3E9A61-F7CB-44E8-AE63-AFB44A10A1D6}.Ad-Hoc|iPhone.Deploy.0 = Release|Any CPU
		{BA3E9A61-F7CB-44E8-AE63-AFB44A10A1D6}.Ad-Hoc|iPhoneSimulator.ActiveCfg = Release|Any CPU
		{BA3E9A61-F7CB-44E8-AE63-AFB44A10A1D6}.Ad-Hoc|iPhoneSimulator.Build.0 = Release|Any CPU
		{BA3E9A61-F7CB-44E8-AE63-AFB44A10A1D6}.Ad-Hoc|iPhoneSimulator.Deploy.0 = Release|Any CPU
		{BA3E9A61-F7CB-44E8-AE63-AFB44A10A1D6}.Ad-Hoc|x64.ActiveCfg = Release|Any CPU
		{BA3E9A61-F7CB-44E8-AE63-AFB44A10A1D6}.Ad-Hoc|x64.Build.0 = Release|Any CPU
		{BA3E9A61-F7CB-44E8-AE63-AFB44A10A1D6}.Ad-Hoc|x64.Deploy.0 = Release|Any CPU
		{BA3E9A61-F7CB-44E8-AE63-AFB44A10A1D6}.Ad-Hoc|x86.ActiveCfg = Release|Any CPU
		{BA3E9A61-F7CB-44E8-AE63-AFB44A10A1D6}.Ad-Hoc|x86.Build.0 = Release|Any CPU
		{BA3E9A61-F7CB-44E8-AE63-AFB44A10A1D6}.Ad-Hoc|x86.Deploy.0 = Release|Any CPU
		{BA3E9A61-F7CB-44E8-AE63-AFB44A10A1D6}.AppStore|Any CPU.ActiveCfg = Release|Any CPU
		{BA3E9A61-F7CB-44E8-AE63-AFB44A10A1D6}.AppStore|Any CPU.Build.0 = Release|Any CPU
		{BA3E9A61-F7CB-44E8-AE63-AFB44A10A1D6}.AppStore|Any CPU.Deploy.0 = Release|Any CPU
		{BA3E9A61-F7CB-44E8-AE63-AFB44A10A1D6}.AppStore|ARM.ActiveCfg = Release|Any CPU
		{BA3E9A61-F7CB-44E8-AE63-AFB44A10A1D6}.AppStore|ARM.Build.0 = Release|Any CPU
		{BA3E9A61-F7CB-44E8-AE63-AFB44A10A1D6}.AppStore|ARM.Deploy.0 = Release|Any CPU
		{BA3E9A61-F7CB-44E8-AE63-AFB44A10A1D6}.AppStore|iPhone.ActiveCfg = Release|Any CPU
		{BA3E9A61-F7CB-44E8-AE63-AFB44A10A1D6}.AppStore|iPhone.Build.0 = Release|Any CPU
		{BA3E9A61-F7CB-44E8-AE63-AFB44A10A1D6}.AppStore|iPhone.Deploy.0 = Release|Any CPU
		{BA3E9A61-F7CB-44E8-AE63-AFB44A10A1D6}.AppStore|iPhoneSimulator.ActiveCfg = Release|Any CPU
		{BA3E9A61-F7CB-44E8-AE63-AFB44A10A1D6}.AppStore|iPhoneSimulator.Build.0 = Release|Any CPU
		{BA3E9A61-F7CB-44E8-AE63-AFB44A10A1D6}.AppStore|iPhoneSimulator.Deploy.0 = Release|Any CPU
		{BA3E9A61-F7CB-44E8-AE63-AFB44A10A1D6}.AppStore|x64.ActiveCfg = Release|Any CPU
		{BA3E9A61-F7CB-44E8-AE63-AFB44A10A1D6}.AppStore|x64.Build.0 = Release|Any CPU
		{BA3E9A61-F7CB-44E8-AE63-AFB44A10A1D6}.AppStore|x64.Deploy.0 = Release|Any CPU
		{BA3E9A61-F7CB-44E8-AE63-AFB44A10A1D6}.AppStore|x86.ActiveCfg = Release|Any CPU
		{BA3E9A61-F7CB-44E8-AE63-AFB44A10A1D6}.AppStore|x86.Build.0 = Release|Any CPU
		{BA3E9A61-F7CB-44E8-AE63-AFB44A10A1D6}.AppStore|x86.Deploy.0 = Release|Any CPU
		{BA3E9A61-F7CB-44E8-AE63-AFB44A10A1D6}.Debug|Any CPU.ActiveCfg = Debug|Any CPU
		{BA3E9A61-F7CB-44E8-AE63-AFB44A10A1D6}.Debug|Any CPU.Build.0 = Debug|Any CPU
		{BA3E9A61-F7CB-44E8-AE63-AFB44A10A1D6}.Debug|Any CPU.Deploy.0 = Debug|Any CPU
		{BA3E9A61-F7CB-44E8-AE63-AFB44A10A1D6}.Debug|ARM.ActiveCfg = Debug|Any CPU
		{BA3E9A61-F7CB-44E8-AE63-AFB44A10A1D6}.Debug|ARM.Build.0 = Debug|Any CPU
		{BA3E9A61-F7CB-44E8-AE63-AFB44A10A1D6}.Debug|ARM.Deploy.0 = Debug|Any CPU
		{BA3E9A61-F7CB-44E8-AE63-AFB44A10A1D6}.Debug|iPhone.ActiveCfg = Debug|Any CPU
		{BA3E9A61-F7CB-44E8-AE63-AFB44A10A1D6}.Debug|iPhone.Build.0 = Debug|Any CPU
		{BA3E9A61-F7CB-44E8-AE63-AFB44A10A1D6}.Debug|iPhone.Deploy.0 = Debug|Any CPU
		{BA3E9A61-F7CB-44E8-AE63-AFB44A10A1D6}.Debug|iPhoneSimulator.ActiveCfg = Debug|Any CPU
		{BA3E9A61-F7CB-44E8-AE63-AFB44A10A1D6}.Debug|iPhoneSimulator.Build.0 = Debug|Any CPU
		{BA3E9A61-F7CB-44E8-AE63-AFB44A10A1D6}.Debug|iPhoneSimulator.Deploy.0 = Debug|Any CPU
		{BA3E9A61-F7CB-44E8-AE63-AFB44A10A1D6}.Debug|x64.ActiveCfg = Debug|Any CPU
		{BA3E9A61-F7CB-44E8-AE63-AFB44A10A1D6}.Debug|x64.Build.0 = Debug|Any CPU
		{BA3E9A61-F7CB-44E8-AE63-AFB44A10A1D6}.Debug|x64.Deploy.0 = Debug|Any CPU
		{BA3E9A61-F7CB-44E8-AE63-AFB44A10A1D6}.Debug|x86.ActiveCfg = Debug|Any CPU
		{BA3E9A61-F7CB-44E8-AE63-AFB44A10A1D6}.Debug|x86.Build.0 = Debug|Any CPU
		{BA3E9A61-F7CB-44E8-AE63-AFB44A10A1D6}.Debug|x86.Deploy.0 = Debug|Any CPU
		{BA3E9A61-F7CB-44E8-AE63-AFB44A10A1D6}.Release|Any CPU.ActiveCfg = Release|Any CPU
		{BA3E9A61-F7CB-44E8-AE63-AFB44A10A1D6}.Release|Any CPU.Build.0 = Release|Any CPU
		{BA3E9A61-F7CB-44E8-AE63-AFB44A10A1D6}.Release|Any CPU.Deploy.0 = Release|Any CPU
		{BA3E9A61-F7CB-44E8-AE63-AFB44A10A1D6}.Release|ARM.ActiveCfg = Release|Any CPU
		{BA3E9A61-F7CB-44E8-AE63-AFB44A10A1D6}.Release|ARM.Build.0 = Release|Any CPU
		{BA3E9A61-F7CB-44E8-AE63-AFB44A10A1D6}.Release|ARM.Deploy.0 = Release|Any CPU
		{BA3E9A61-F7CB-44E8-AE63-AFB44A10A1D6}.Release|iPhone.ActiveCfg = Release|Any CPU
		{BA3E9A61-F7CB-44E8-AE63-AFB44A10A1D6}.Release|iPhone.Build.0 = Release|Any CPU
		{BA3E9A61-F7CB-44E8-AE63-AFB44A10A1D6}.Release|iPhone.Deploy.0 = Release|Any CPU
		{BA3E9A61-F7CB-44E8-AE63-AFB44A10A1D6}.Release|iPhoneSimulator.ActiveCfg = Release|Any CPU
		{BA3E9A61-F7CB-44E8-AE63-AFB44A10A1D6}.Release|iPhoneSimulator.Build.0 = Release|Any CPU
		{BA3E9A61-F7CB-44E8-AE63-AFB44A10A1D6}.Release|iPhoneSimulator.Deploy.0 = Release|Any CPU
		{BA3E9A61-F7CB-44E8-AE63-AFB44A10A1D6}.Release|x64.ActiveCfg = Release|Any CPU
		{BA3E9A61-F7CB-44E8-AE63-AFB44A10A1D6}.Release|x64.Build.0 = Release|Any CPU
		{BA3E9A61-F7CB-44E8-AE63-AFB44A10A1D6}.Release|x64.Deploy.0 = Release|Any CPU
		{BA3E9A61-F7CB-44E8-AE63-AFB44A10A1D6}.Release|x86.ActiveCfg = Release|Any CPU
		{BA3E9A61-F7CB-44E8-AE63-AFB44A10A1D6}.Release|x86.Build.0 = Release|Any CPU
		{BA3E9A61-F7CB-44E8-AE63-AFB44A10A1D6}.Release|x86.Deploy.0 = Release|Any CPU
		{A6B3DC03-559C-4B0B-A250-5EE3EFB23448}.Ad-Hoc|Any CPU.ActiveCfg = Release|Any CPU
		{A6B3DC03-559C-4B0B-A250-5EE3EFB23448}.Ad-Hoc|Any CPU.Build.0 = Release|Any CPU
		{A6B3DC03-559C-4B0B-A250-5EE3EFB23448}.Ad-Hoc|ARM.ActiveCfg = Release|Any CPU
		{A6B3DC03-559C-4B0B-A250-5EE3EFB23448}.Ad-Hoc|ARM.Build.0 = Release|Any CPU
		{A6B3DC03-559C-4B0B-A250-5EE3EFB23448}.Ad-Hoc|iPhone.ActiveCfg = Release|Any CPU
		{A6B3DC03-559C-4B0B-A250-5EE3EFB23448}.Ad-Hoc|iPhone.Build.0 = Release|Any CPU
		{A6B3DC03-559C-4B0B-A250-5EE3EFB23448}.Ad-Hoc|iPhoneSimulator.ActiveCfg = Release|Any CPU
		{A6B3DC03-559C-4B0B-A250-5EE3EFB23448}.Ad-Hoc|iPhoneSimulator.Build.0 = Release|Any CPU
		{A6B3DC03-559C-4B0B-A250-5EE3EFB23448}.Ad-Hoc|x64.ActiveCfg = Release|Any CPU
		{A6B3DC03-559C-4B0B-A250-5EE3EFB23448}.Ad-Hoc|x64.Build.0 = Release|Any CPU
		{A6B3DC03-559C-4B0B-A250-5EE3EFB23448}.Ad-Hoc|x86.ActiveCfg = Release|Any CPU
		{A6B3DC03-559C-4B0B-A250-5EE3EFB23448}.Ad-Hoc|x86.Build.0 = Release|Any CPU
		{A6B3DC03-559C-4B0B-A250-5EE3EFB23448}.AppStore|Any CPU.ActiveCfg = Release|Any CPU
		{A6B3DC03-559C-4B0B-A250-5EE3EFB23448}.AppStore|Any CPU.Build.0 = Release|Any CPU
		{A6B3DC03-559C-4B0B-A250-5EE3EFB23448}.AppStore|ARM.ActiveCfg = Release|Any CPU
		{A6B3DC03-559C-4B0B-A250-5EE3EFB23448}.AppStore|ARM.Build.0 = Release|Any CPU
		{A6B3DC03-559C-4B0B-A250-5EE3EFB23448}.AppStore|iPhone.ActiveCfg = Release|Any CPU
		{A6B3DC03-559C-4B0B-A250-5EE3EFB23448}.AppStore|iPhone.Build.0 = Release|Any CPU
		{A6B3DC03-559C-4B0B-A250-5EE3EFB23448}.AppStore|iPhoneSimulator.ActiveCfg = Release|Any CPU
		{A6B3DC03-559C-4B0B-A250-5EE3EFB23448}.AppStore|iPhoneSimulator.Build.0 = Release|Any CPU
		{A6B3DC03-559C-4B0B-A250-5EE3EFB23448}.AppStore|x64.ActiveCfg = Release|Any CPU
		{A6B3DC03-559C-4B0B-A250-5EE3EFB23448}.AppStore|x64.Build.0 = Release|Any CPU
		{A6B3DC03-559C-4B0B-A250-5EE3EFB23448}.AppStore|x86.ActiveCfg = Release|Any CPU
		{A6B3DC03-559C-4B0B-A250-5EE3EFB23448}.AppStore|x86.Build.0 = Release|Any CPU
		{A6B3DC03-559C-4B0B-A250-5EE3EFB23448}.Debug|Any CPU.ActiveCfg = Debug|Any CPU
		{A6B3DC03-559C-4B0B-A250-5EE3EFB23448}.Debug|Any CPU.Build.0 = Debug|Any CPU
		{A6B3DC03-559C-4B0B-A250-5EE3EFB23448}.Debug|ARM.ActiveCfg = Debug|Any CPU
		{A6B3DC03-559C-4B0B-A250-5EE3EFB23448}.Debug|ARM.Build.0 = Debug|Any CPU
		{A6B3DC03-559C-4B0B-A250-5EE3EFB23448}.Debug|iPhone.ActiveCfg = Debug|Any CPU
		{A6B3DC03-559C-4B0B-A250-5EE3EFB23448}.Debug|iPhone.Build.0 = Debug|Any CPU
		{A6B3DC03-559C-4B0B-A250-5EE3EFB23448}.Debug|iPhoneSimulator.ActiveCfg = Debug|Any CPU
		{A6B3DC03-559C-4B0B-A250-5EE3EFB23448}.Debug|iPhoneSimulator.Build.0 = Debug|Any CPU
		{A6B3DC03-559C-4B0B-A250-5EE3EFB23448}.Debug|x64.ActiveCfg = Debug|Any CPU
		{A6B3DC03-559C-4B0B-A250-5EE3EFB23448}.Debug|x64.Build.0 = Debug|Any CPU
		{A6B3DC03-559C-4B0B-A250-5EE3EFB23448}.Debug|x86.ActiveCfg = Debug|Any CPU
		{A6B3DC03-559C-4B0B-A250-5EE3EFB23448}.Debug|x86.Build.0 = Debug|Any CPU
		{A6B3DC03-559C-4B0B-A250-5EE3EFB23448}.Release|Any CPU.ActiveCfg = Release|Any CPU
		{A6B3DC03-559C-4B0B-A250-5EE3EFB23448}.Release|Any CPU.Build.0 = Release|Any CPU
		{A6B3DC03-559C-4B0B-A250-5EE3EFB23448}.Release|ARM.ActiveCfg = Release|Any CPU
		{A6B3DC03-559C-4B0B-A250-5EE3EFB23448}.Release|ARM.Build.0 = Release|Any CPU
		{A6B3DC03-559C-4B0B-A250-5EE3EFB23448}.Release|iPhone.ActiveCfg = Release|Any CPU
		{A6B3DC03-559C-4B0B-A250-5EE3EFB23448}.Release|iPhone.Build.0 = Release|Any CPU
		{A6B3DC03-559C-4B0B-A250-5EE3EFB23448}.Release|iPhoneSimulator.ActiveCfg = Release|Any CPU
		{A6B3DC03-559C-4B0B-A250-5EE3EFB23448}.Release|iPhoneSimulator.Build.0 = Release|Any CPU
		{A6B3DC03-559C-4B0B-A250-5EE3EFB23448}.Release|x64.ActiveCfg = Release|Any CPU
		{A6B3DC03-559C-4B0B-A250-5EE3EFB23448}.Release|x64.Build.0 = Release|Any CPU
		{A6B3DC03-559C-4B0B-A250-5EE3EFB23448}.Release|x86.ActiveCfg = Release|Any CPU
		{A6B3DC03-559C-4B0B-A250-5EE3EFB23448}.Release|x86.Build.0 = Release|Any CPU
		{7907B3EF-150A-465C-93DC-DF535245B376}.Ad-Hoc|Any CPU.ActiveCfg = Release|x86
		{7907B3EF-150A-465C-93DC-DF535245B376}.Ad-Hoc|Any CPU.Build.0 = Release|x86
		{7907B3EF-150A-465C-93DC-DF535245B376}.Ad-Hoc|Any CPU.Deploy.0 = Release|x86
		{7907B3EF-150A-465C-93DC-DF535245B376}.Ad-Hoc|ARM.ActiveCfg = Release|ARM
		{7907B3EF-150A-465C-93DC-DF535245B376}.Ad-Hoc|ARM.Build.0 = Release|ARM
		{7907B3EF-150A-465C-93DC-DF535245B376}.Ad-Hoc|ARM.Deploy.0 = Release|ARM
		{7907B3EF-150A-465C-93DC-DF535245B376}.Ad-Hoc|iPhone.ActiveCfg = Release|x86
		{7907B3EF-150A-465C-93DC-DF535245B376}.Ad-Hoc|iPhone.Build.0 = Release|x86
		{7907B3EF-150A-465C-93DC-DF535245B376}.Ad-Hoc|iPhone.Deploy.0 = Release|x86
		{7907B3EF-150A-465C-93DC-DF535245B376}.Ad-Hoc|iPhoneSimulator.ActiveCfg = Release|x86
		{7907B3EF-150A-465C-93DC-DF535245B376}.Ad-Hoc|iPhoneSimulator.Build.0 = Release|x86
		{7907B3EF-150A-465C-93DC-DF535245B376}.Ad-Hoc|iPhoneSimulator.Deploy.0 = Release|x86
		{7907B3EF-150A-465C-93DC-DF535245B376}.Ad-Hoc|x64.ActiveCfg = Release|x64
		{7907B3EF-150A-465C-93DC-DF535245B376}.Ad-Hoc|x64.Build.0 = Release|x64
		{7907B3EF-150A-465C-93DC-DF535245B376}.Ad-Hoc|x64.Deploy.0 = Release|x64
		{7907B3EF-150A-465C-93DC-DF535245B376}.Ad-Hoc|x86.ActiveCfg = Release|x86
		{7907B3EF-150A-465C-93DC-DF535245B376}.Ad-Hoc|x86.Build.0 = Release|x86
		{7907B3EF-150A-465C-93DC-DF535245B376}.Ad-Hoc|x86.Deploy.0 = Release|x86
		{7907B3EF-150A-465C-93DC-DF535245B376}.AppStore|Any CPU.ActiveCfg = Release|x86
		{7907B3EF-150A-465C-93DC-DF535245B376}.AppStore|Any CPU.Build.0 = Release|x86
		{7907B3EF-150A-465C-93DC-DF535245B376}.AppStore|Any CPU.Deploy.0 = Release|x86
		{7907B3EF-150A-465C-93DC-DF535245B376}.AppStore|ARM.ActiveCfg = Release|ARM
		{7907B3EF-150A-465C-93DC-DF535245B376}.AppStore|ARM.Build.0 = Release|ARM
		{7907B3EF-150A-465C-93DC-DF535245B376}.AppStore|ARM.Deploy.0 = Release|ARM
		{7907B3EF-150A-465C-93DC-DF535245B376}.AppStore|iPhone.ActiveCfg = Release|x86
		{7907B3EF-150A-465C-93DC-DF535245B376}.AppStore|iPhone.Build.0 = Release|x86
		{7907B3EF-150A-465C-93DC-DF535245B376}.AppStore|iPhone.Deploy.0 = Release|x86
		{7907B3EF-150A-465C-93DC-DF535245B376}.AppStore|iPhoneSimulator.ActiveCfg = Release|x86
		{7907B3EF-150A-465C-93DC-DF535245B376}.AppStore|iPhoneSimulator.Build.0 = Release|x86
		{7907B3EF-150A-465C-93DC-DF535245B376}.AppStore|iPhoneSimulator.Deploy.0 = Release|x86
		{7907B3EF-150A-465C-93DC-DF535245B376}.AppStore|x64.ActiveCfg = Release|x64
		{7907B3EF-150A-465C-93DC-DF535245B376}.AppStore|x64.Build.0 = Release|x64
		{7907B3EF-150A-465C-93DC-DF535245B376}.AppStore|x64.Deploy.0 = Release|x64
		{7907B3EF-150A-465C-93DC-DF535245B376}.AppStore|x86.ActiveCfg = Release|x86
		{7907B3EF-150A-465C-93DC-DF535245B376}.AppStore|x86.Build.0 = Release|x86
		{7907B3EF-150A-465C-93DC-DF535245B376}.AppStore|x86.Deploy.0 = Release|x86
		{7907B3EF-150A-465C-93DC-DF535245B376}.Debug|Any CPU.ActiveCfg = Debug|x86
		{7907B3EF-150A-465C-93DC-DF535245B376}.Debug|ARM.ActiveCfg = Debug|ARM
		{7907B3EF-150A-465C-93DC-DF535245B376}.Debug|ARM.Build.0 = Debug|ARM
		{7907B3EF-150A-465C-93DC-DF535245B376}.Debug|ARM.Deploy.0 = Debug|ARM
		{7907B3EF-150A-465C-93DC-DF535245B376}.Debug|iPhone.ActiveCfg = Debug|x86
		{7907B3EF-150A-465C-93DC-DF535245B376}.Debug|iPhoneSimulator.ActiveCfg = Debug|x86
		{7907B3EF-150A-465C-93DC-DF535245B376}.Debug|x64.ActiveCfg = Debug|x64
		{7907B3EF-150A-465C-93DC-DF535245B376}.Debug|x64.Build.0 = Debug|x64
		{7907B3EF-150A-465C-93DC-DF535245B376}.Debug|x64.Deploy.0 = Debug|x64
		{7907B3EF-150A-465C-93DC-DF535245B376}.Debug|x86.ActiveCfg = Debug|x86
		{7907B3EF-150A-465C-93DC-DF535245B376}.Debug|x86.Build.0 = Debug|x86
		{7907B3EF-150A-465C-93DC-DF535245B376}.Debug|x86.Deploy.0 = Debug|x86
		{7907B3EF-150A-465C-93DC-DF535245B376}.Release|Any CPU.ActiveCfg = Release|x86
		{7907B3EF-150A-465C-93DC-DF535245B376}.Release|ARM.ActiveCfg = Release|ARM
		{7907B3EF-150A-465C-93DC-DF535245B376}.Release|ARM.Build.0 = Release|ARM
		{7907B3EF-150A-465C-93DC-DF535245B376}.Release|ARM.Deploy.0 = Release|ARM
		{7907B3EF-150A-465C-93DC-DF535245B376}.Release|iPhone.ActiveCfg = Release|x86
		{7907B3EF-150A-465C-93DC-DF535245B376}.Release|iPhoneSimulator.ActiveCfg = Release|x86
		{7907B3EF-150A-465C-93DC-DF535245B376}.Release|x64.ActiveCfg = Release|x64
		{7907B3EF-150A-465C-93DC-DF535245B376}.Release|x64.Build.0 = Release|x64
		{7907B3EF-150A-465C-93DC-DF535245B376}.Release|x64.Deploy.0 = Release|x64
		{7907B3EF-150A-465C-93DC-DF535245B376}.Release|x86.ActiveCfg = Release|x86
		{7907B3EF-150A-465C-93DC-DF535245B376}.Release|x86.Build.0 = Release|x86
		{7907B3EF-150A-465C-93DC-DF535245B376}.Release|x86.Deploy.0 = Release|x86
		{58F21347-1FE5-4772-AC6C-A8E256ACFC31}.Ad-Hoc|Any CPU.ActiveCfg = Ad-Hoc|iPhone
		{58F21347-1FE5-4772-AC6C-A8E256ACFC31}.Ad-Hoc|ARM.ActiveCfg = Ad-Hoc|iPhone
		{58F21347-1FE5-4772-AC6C-A8E256ACFC31}.Ad-Hoc|iPhone.ActiveCfg = Ad-Hoc|iPhone
		{58F21347-1FE5-4772-AC6C-A8E256ACFC31}.Ad-Hoc|iPhone.Build.0 = Ad-Hoc|iPhone
		{58F21347-1FE5-4772-AC6C-A8E256ACFC31}.Ad-Hoc|iPhoneSimulator.ActiveCfg = Ad-Hoc|iPhoneSimulator
		{58F21347-1FE5-4772-AC6C-A8E256ACFC31}.Ad-Hoc|iPhoneSimulator.Build.0 = Ad-Hoc|iPhoneSimulator
		{58F21347-1FE5-4772-AC6C-A8E256ACFC31}.Ad-Hoc|x64.ActiveCfg = Ad-Hoc|iPhone
		{58F21347-1FE5-4772-AC6C-A8E256ACFC31}.Ad-Hoc|x86.ActiveCfg = Ad-Hoc|iPhone
		{58F21347-1FE5-4772-AC6C-A8E256ACFC31}.AppStore|Any CPU.ActiveCfg = AppStore|iPhone
		{58F21347-1FE5-4772-AC6C-A8E256ACFC31}.AppStore|ARM.ActiveCfg = AppStore|iPhone
		{58F21347-1FE5-4772-AC6C-A8E256ACFC31}.AppStore|iPhone.ActiveCfg = AppStore|iPhone
		{58F21347-1FE5-4772-AC6C-A8E256ACFC31}.AppStore|iPhone.Build.0 = AppStore|iPhone
		{58F21347-1FE5-4772-AC6C-A8E256ACFC31}.AppStore|iPhoneSimulator.ActiveCfg = AppStore|iPhoneSimulator
		{58F21347-1FE5-4772-AC6C-A8E256ACFC31}.AppStore|iPhoneSimulator.Build.0 = AppStore|iPhoneSimulator
		{58F21347-1FE5-4772-AC6C-A8E256ACFC31}.AppStore|x64.ActiveCfg = AppStore|iPhone
		{58F21347-1FE5-4772-AC6C-A8E256ACFC31}.AppStore|x86.ActiveCfg = AppStore|iPhone
		{58F21347-1FE5-4772-AC6C-A8E256ACFC31}.Debug|Any CPU.ActiveCfg = Debug|iPhone
		{58F21347-1FE5-4772-AC6C-A8E256ACFC31}.Debug|ARM.ActiveCfg = Debug|iPhone
		{58F21347-1FE5-4772-AC6C-A8E256ACFC31}.Debug|iPhone.ActiveCfg = Debug|iPhone
		{58F21347-1FE5-4772-AC6C-A8E256ACFC31}.Debug|iPhone.Build.0 = Debug|iPhone
		{58F21347-1FE5-4772-AC6C-A8E256ACFC31}.Debug|iPhoneSimulator.ActiveCfg = Debug|iPhoneSimulator
		{58F21347-1FE5-4772-AC6C-A8E256ACFC31}.Debug|iPhoneSimulator.Build.0 = Debug|iPhoneSimulator
		{58F21347-1FE5-4772-AC6C-A8E256ACFC31}.Debug|x64.ActiveCfg = Debug|iPhone
		{58F21347-1FE5-4772-AC6C-A8E256ACFC31}.Debug|x86.ActiveCfg = Debug|iPhone
		{58F21347-1FE5-4772-AC6C-A8E256ACFC31}.Release|Any CPU.ActiveCfg = Release|iPhone
		{58F21347-1FE5-4772-AC6C-A8E256ACFC31}.Release|ARM.ActiveCfg = Release|iPhone
		{58F21347-1FE5-4772-AC6C-A8E256ACFC31}.Release|iPhone.ActiveCfg = Release|iPhone
		{58F21347-1FE5-4772-AC6C-A8E256ACFC31}.Release|iPhone.Build.0 = Release|iPhone
		{58F21347-1FE5-4772-AC6C-A8E256ACFC31}.Release|iPhoneSimulator.ActiveCfg = Release|iPhoneSimulator
		{58F21347-1FE5-4772-AC6C-A8E256ACFC31}.Release|iPhoneSimulator.Build.0 = Release|iPhoneSimulator
		{58F21347-1FE5-4772-AC6C-A8E256ACFC31}.Release|x64.ActiveCfg = Release|iPhone
		{58F21347-1FE5-4772-AC6C-A8E256ACFC31}.Release|x86.ActiveCfg = Release|iPhone
	EndGlobalSection
	GlobalSection(SolutionProperties) = preSolution
		HideSolutionNode = FALSE
	EndGlobalSection
EndGlobal
